
Microsoft Visual Studio Solution File, Format Version 12.00
# Visual Studio 15
VisualStudioVersion = 15.0.28307.1062
MinimumVisualStudioVersion = 10.0.40219.1
Project("{FAE04EC0-301F-11D3-BF4B-00C04F79EFBC}") = "WebAPI", "WebAPI\WebAPI.csproj", "{9FDA315C-C7EA-4D27-BC6F-ECCE2A2D83FD}"
EndProject
Global
	GlobalSection(SolutionConfigurationPlatforms) = preSolution
		Debug|Any CPU = Debug|Any CPU
		Release|Any CPU = Release|Any CPU
	EndGlobalSection
	GlobalSection(ProjectConfigurationPlatforms) = postSolution
		{9FDA315C-C7EA-4D27-BC6F-ECCE2A2D83FD}.Debug|Any CPU.ActiveCfg = Debug|Any CPU
		{9FDA315C-C7EA-4D27-BC6F-ECCE2A2D83FD}.Debug|Any CPU.Build.0 = Debug|Any CPU
		{9FDA315C-C7EA-4D27-BC6F-ECCE2A2D83FD}.Release|Any CPU.ActiveCfg = Release|Any CPU
		{9FDA315C-C7EA-4D27-BC6F-ECCE2A2D83FD}.Release|Any CPU.Build.0 = Release|Any CPU
	EndGlobalSection
	GlobalSection(SolutionProperties) = preSolution
		HideSolutionNode = FALSE
	EndGlobalSection
	GlobalSection(ExtensibilityGlobals) = postSolution
		SolutionGuid = {A5F03685-E418-4DA6-A2ED-B1DF713AAAFA}
	EndGlobalSection
EndGlobal
